
Microsoft Visual Studio Solution File, Format Version 12.00
Project("{2150E333-8FDC-42A3-9474-1A3956D46DE8}") = "src", "src", "{AFCB0D57-D7D9-4379-8B0D-8DACC6C0FFC5}"
EndProject
Project("{2150E333-8FDC-42A3-9474-1A3956D46DE8}") = "server", "server", "{98DA64CB-16DB-4D05-86B4-A4F0897AF4AC}"
EndProject
Project("{FAE04EC0-301F-11D3-BF4B-00C04F79EFBC}") = "Core", "src\server\Core\Core.csproj", "{DE16C868-E2D6-4296-91D5-51FB728510CF}"
EndProject
Project("{FAE04EC0-301F-11D3-BF4B-00C04F79EFBC}") = "WebApi", "src\server\WebApi\WebApi.csproj", "{4C563576-AA61-4286-971E-7333765F926D}"
EndProject
Project("{2150E333-8FDC-42A3-9474-1A3956D46DE8}") = "database", "database", "{D9FBE347-AC51-4CAD-A8E0-9C579C4ADD35}"
EndProject
Global
	GlobalSection(SolutionConfigurationPlatforms) = preSolution
		Debug|Any CPU = Debug|Any CPU
		Release|Any CPU = Release|Any CPU
	EndGlobalSection
	GlobalSection(ProjectConfigurationPlatforms) = postSolution
		{DE16C868-E2D6-4296-91D5-51FB728510CF}.Debug|Any CPU.ActiveCfg = Debug|Any CPU
		{DE16C868-E2D6-4296-91D5-51FB728510CF}.Debug|Any CPU.Build.0 = Debug|Any CPU
		{DE16C868-E2D6-4296-91D5-51FB728510CF}.Release|Any CPU.ActiveCfg = Release|Any CPU
		{DE16C868-E2D6-4296-91D5-51FB728510CF}.Release|Any CPU.Build.0 = Release|Any CPU
		{4C563576-AA61-4286-971E-7333765F926D}.Debug|Any CPU.ActiveCfg = Debug|Any CPU
		{4C563576-AA61-4286-971E-7333765F926D}.Debug|Any CPU.Build.0 = Debug|Any CPU
		{4C563576-AA61-4286-971E-7333765F926D}.Release|Any CPU.ActiveCfg = Release|Any CPU
		{4C563576-AA61-4286-971E-7333765F926D}.Release|Any CPU.Build.0 = Release|Any CPU
	EndGlobalSection
	GlobalSection(NestedProjects) = preSolution
		{98DA64CB-16DB-4D05-86B4-A4F0897AF4AC} = {AFCB0D57-D7D9-4379-8B0D-8DACC6C0FFC5}
		{DE16C868-E2D6-4296-91D5-51FB728510CF} = {98DA64CB-16DB-4D05-86B4-A4F0897AF4AC}
		{4C563576-AA61-4286-971E-7333765F926D} = {98DA64CB-16DB-4D05-86B4-A4F0897AF4AC}
		{D9FBE347-AC51-4CAD-A8E0-9C579C4ADD35} = {AFCB0D57-D7D9-4379-8B0D-8DACC6C0FFC5}
	EndGlobalSection
EndGlobal
